
Microsoft Visual Studio Solution File, Format Version 12.00
# Visual Studio Version 17
VisualStudioVersion = 17.4.33205.214
MinimumVisualStudioVersion = 10.0.40219.1
Project("{FAE04EC0-301F-11D3-BF4B-00C04F79EFBC}") = "CronometroDotNet", "CronometroDotNet.csproj", "{256B1369-FEBB-4BE3-98F4-50D6C98B8265}"
EndProject
Global
	GlobalSection(SolutionConfigurationPlatforms) = preSolution
		Debug|Any CPU = Debug|Any CPU
		Release|Any CPU = Release|Any CPU
	EndGlobalSection
	GlobalSection(ProjectConfigurationPlatforms) = postSolution
		{256B1369-FEBB-4BE3-98F4-50D6C98B8265}.Debug|Any CPU.ActiveCfg = Debug|Any CPU
		{256B1369-FEBB-4BE3-98F4-50D6C98B8265}.Debug|Any CPU.Build.0 = Debug|Any CPU
		{256B1369-FEBB-4BE3-98F4-50D6C98B8265}.Release|Any CPU.ActiveCfg = Release|Any CPU
		{256B1369-FEBB-4BE3-98F4-50D6C98B8265}.Release|Any CPU.Build.0 = Release|Any CPU
	EndGlobalSection
	GlobalSection(SolutionProperties) = preSolution
		HideSolutionNode = FALSE
	EndGlobalSection
	GlobalSection(ExtensibilityGlobals) = postSolution
		SolutionGuid = {695CF6E4-D56A-42EA-8C28-130297BE4F01}
	EndGlobalSection
EndGlobal
